
Microsoft Visual Studio Solution File, Format Version 12.00
# Visual Studio Version 16
VisualStudioVersion = 16.0.32228.343
MinimumVisualStudioVersion = 10.0.40219.1
Project("{FAE04EC0-301F-11D3-BF4B-00C04F79EFBC}") = "Udemy_ASP-Net", "Udemy_ASP-Net\Udemy_ASP-Net.csproj", "{FF1EA50D-72C9-4612-8E11-449927BE38BB}"
EndProject
Global
	GlobalSection(SolutionConfigurationPlatforms) = preSolution
		Debug|Any CPU = Debug|Any CPU
		Release|Any CPU = Release|Any CPU
	EndGlobalSection
	GlobalSection(ProjectConfigurationPlatforms) = postSolution
		{FF1EA50D-72C9-4612-8E11-449927BE38BB}.Debug|Any CPU.ActiveCfg = Debug|Any CPU
		{FF1EA50D-72C9-4612-8E11-449927BE38BB}.Debug|Any CPU.Build.0 = Debug|Any CPU
		{FF1EA50D-72C9-4612-8E11-449927BE38BB}.Release|Any CPU.ActiveCfg = Release|Any CPU
		{FF1EA50D-72C9-4612-8E11-449927BE38BB}.Release|Any CPU.Build.0 = Release|Any CPU
	EndGlobalSection
	GlobalSection(SolutionProperties) = preSolution
		HideSolutionNode = FALSE
	EndGlobalSection
	GlobalSection(ExtensibilityGlobals) = postSolution
		SolutionGuid = {D09674A2-96E5-45C8-A478-22CDD28A7EFB}
	EndGlobalSection
EndGlobal
